
Microsoft Visual Studio Solution File, Format Version 12.00
# Visual Studio 15
VisualStudioVersion = 15.0.28010.2026
MinimumVisualStudioVersion = 10.0.40219.1
Project("{FAE04EC0-301F-11D3-BF4B-00C04F79EFBC}") = "WebApi", "WebApi\WebApi.csproj", "{DB1A6653-47E8-4342-8E24-F3B6C489044C}"
EndProject
Global
	GlobalSection(SolutionConfigurationPlatforms) = preSolution
		Debug|Any CPU = Debug|Any CPU
		Release|Any CPU = Release|Any CPU
	EndGlobalSection
	GlobalSection(ProjectConfigurationPlatforms) = postSolution
		{DB1A6653-47E8-4342-8E24-F3B6C489044C}.Debug|Any CPU.ActiveCfg = Debug|Any CPU
		{DB1A6653-47E8-4342-8E24-F3B6C489044C}.Debug|Any CPU.Build.0 = Debug|Any CPU
		{DB1A6653-47E8-4342-8E24-F3B6C489044C}.Release|Any CPU.ActiveCfg = Release|Any CPU
		{DB1A6653-47E8-4342-8E24-F3B6C489044C}.Release|Any CPU.Build.0 = Release|Any CPU
	EndGlobalSection
	GlobalSection(SolutionProperties) = preSolution
		HideSolutionNode = FALSE
	EndGlobalSection
	GlobalSection(ExtensibilityGlobals) = postSolution
		SolutionGuid = {CAF0CD90-25F4-47A3-BD7E-C6A48596FB2F}
	EndGlobalSection
EndGlobal
